
Microsoft Visual Studio Solution File, Format Version 12.00
# Visual Studio 2013
VisualStudioVersion = 12.0.31101.0
MinimumVisualStudioVersion = 10.0.40219.1
Project("{FAE04EC0-301F-11D3-BF4B-00C04F79EFBC}") = "TryHDF", "TryHDF\TryHDF.csproj", "{D6D8DA7E-F316-4C76-95B8-464F872FBE63}"
EndProject
Project("{2150E333-8FDC-42A3-9474-1A3956D46DE8}") = "Solution Items", "Solution Items", "{2C1F1AE0-AB8C-4247-9249-3CA385710FA2}"
	ProjectSection(SolutionItems) = preProject
		.gitignore = .gitignore
		LICENSE = LICENSE
		README.md = README.md
	EndProjectSection
EndProject
Global
	GlobalSection(SolutionConfigurationPlatforms) = preSolution
		Debug|x64 = Debug|x64
		Release|x64 = Release|x64
	EndGlobalSection
	GlobalSection(ProjectConfigurationPlatforms) = postSolution
		{D6D8DA7E-F316-4C76-95B8-464F872FBE63}.Debug|x64.ActiveCfg = Debug|x64
		{D6D8DA7E-F316-4C76-95B8-464F872FBE63}.Debug|x64.Build.0 = Debug|x64
		{D6D8DA7E-F316-4C76-95B8-464F872FBE63}.Release|x64.ActiveCfg = Release|x64
		{D6D8DA7E-F316-4C76-95B8-464F872FBE63}.Release|x64.Build.0 = Release|x64
	EndGlobalSection
	GlobalSection(SolutionProperties) = preSolution
		HideSolutionNode = FALSE
	EndGlobalSection
EndGlobal
